
Microsoft Visual Studio Solution File, Format Version 12.00
# Visual Studio Version 16
Project("{FAE04EC0-301F-11D3-BF4B-00C04F79EFBC}") = "Project.Api", "Project.Api\Project.Api.csproj", "{620514A6-2555-452E-A5B1-A76558614587}"
EndProject
Project("{FAE04EC0-301F-11D3-BF4B-00C04F79EFBC}") = "ImplementationB.Api", "ImplementationB.Api\ImplementationB.Api.csproj", "{1889A9E8-13F4-44E6-9E7B-7790862984C4}"
EndProject
Project("{FAE04EC0-301F-11D3-BF4B-00C04F79EFBC}") = "ImplementationA.Api", "ImplementationA.Api\ImplementationA.Api.csproj", "{A228FB2D-47EC-4D5A-BB00-494962D22FCF}"
EndProject
Project("{FAE04EC0-301F-11D3-BF4B-00C04F79EFBC}") = "Project.Core", "Project.Core\Project.Core.csproj", "{70CEDC16-2F2B-47BD-A79C-E22C68327A90}"
EndProject
Project("{2150E333-8FDC-42A3-9474-1A3956D46DE8}") = "Implementations", "Implementations", "{DB54EA47-0522-4D3D-8EB8-96580012EF2C}"
EndProject
Project("{2150E333-8FDC-42A3-9474-1A3956D46DE8}") = "Tests", "Tests", "{DB935047-2E9C-49FC-873E-DA3A56173878}"
EndProject
Project("{FAE04EC0-301F-11D3-BF4B-00C04F79EFBC}") = "ApiTests", "ApiTests\ApiTests.csproj", "{BA9431D6-23D5-488E-9341-51E89617BB1B}"
EndProject
Project("{FAE04EC0-301F-11D3-BF4B-00C04F79EFBC}") = "CoreTests", "CoreTests\CoreTests.csproj", "{CFF87723-8456-4A0A-9B89-703FDE9F3A60}"
EndProject
Project("{2150E333-8FDC-42A3-9474-1A3956D46DE8}") = "Tests", "Tests", "{D4E223A0-B5B9-4878-B7DC-E65064983E6A}"
EndProject
Project("{FAE04EC0-301F-11D3-BF4B-00C04F79EFBC}") = "ImplementationATests", "ImplementationATests\ImplementationATests.csproj", "{51138611-86A4-47A8-BDE4-638B0BE67704}"
EndProject
Global
	GlobalSection(SolutionConfigurationPlatforms) = preSolution
		Debug|Any CPU = Debug|Any CPU
		Release|Any CPU = Release|Any CPU
	EndGlobalSection
	GlobalSection(ProjectConfigurationPlatforms) = postSolution
		{620514A6-2555-452E-A5B1-A76558614587}.Debug|Any CPU.ActiveCfg = Debug|Any CPU
		{620514A6-2555-452E-A5B1-A76558614587}.Debug|Any CPU.Build.0 = Debug|Any CPU
		{620514A6-2555-452E-A5B1-A76558614587}.Release|Any CPU.ActiveCfg = Release|Any CPU
		{620514A6-2555-452E-A5B1-A76558614587}.Release|Any CPU.Build.0 = Release|Any CPU
		{1889A9E8-13F4-44E6-9E7B-7790862984C4}.Debug|Any CPU.ActiveCfg = Debug|Any CPU
		{1889A9E8-13F4-44E6-9E7B-7790862984C4}.Debug|Any CPU.Build.0 = Debug|Any CPU
		{1889A9E8-13F4-44E6-9E7B-7790862984C4}.Release|Any CPU.ActiveCfg = Release|Any CPU
		{1889A9E8-13F4-44E6-9E7B-7790862984C4}.Release|Any CPU.Build.0 = Release|Any CPU
		{A228FB2D-47EC-4D5A-BB00-494962D22FCF}.Debug|Any CPU.ActiveCfg = Debug|Any CPU
		{A228FB2D-47EC-4D5A-BB00-494962D22FCF}.Debug|Any CPU.Build.0 = Debug|Any CPU
		{A228FB2D-47EC-4D5A-BB00-494962D22FCF}.Release|Any CPU.ActiveCfg = Release|Any CPU
		{A228FB2D-47EC-4D5A-BB00-494962D22FCF}.Release|Any CPU.Build.0 = Release|Any CPU
		{70CEDC16-2F2B-47BD-A79C-E22C68327A90}.Debug|Any CPU.ActiveCfg = Debug|Any CPU
		{70CEDC16-2F2B-47BD-A79C-E22C68327A90}.Debug|Any CPU.Build.0 = Debug|Any CPU
		{70CEDC16-2F2B-47BD-A79C-E22C68327A90}.Release|Any CPU.ActiveCfg = Release|Any CPU
		{70CEDC16-2F2B-47BD-A79C-E22C68327A90}.Release|Any CPU.Build.0 = Release|Any CPU
		{BA9431D6-23D5-488E-9341-51E89617BB1B}.Debug|Any CPU.ActiveCfg = Debug|Any CPU
		{BA9431D6-23D5-488E-9341-51E89617BB1B}.Debug|Any CPU.Build.0 = Debug|Any CPU
		{BA9431D6-23D5-488E-9341-51E89617BB1B}.Release|Any CPU.ActiveCfg = Release|Any CPU
		{BA9431D6-23D5-488E-9341-51E89617BB1B}.Release|Any CPU.Build.0 = Release|Any CPU
		{CFF87723-8456-4A0A-9B89-703FDE9F3A60}.Debug|Any CPU.ActiveCfg = Debug|Any CPU
		{CFF87723-8456-4A0A-9B89-703FDE9F3A60}.Debug|Any CPU.Build.0 = Debug|Any CPU
		{CFF87723-8456-4A0A-9B89-703FDE9F3A60}.Release|Any CPU.ActiveCfg = Release|Any CPU
		{CFF87723-8456-4A0A-9B89-703FDE9F3A60}.Release|Any CPU.Build.0 = Release|Any CPU
		{51138611-86A4-47A8-BDE4-638B0BE67704}.Debug|Any CPU.ActiveCfg = Debug|Any CPU
		{51138611-86A4-47A8-BDE4-638B0BE67704}.Debug|Any CPU.Build.0 = Debug|Any CPU
		{51138611-86A4-47A8-BDE4-638B0BE67704}.Release|Any CPU.ActiveCfg = Release|Any CPU
		{51138611-86A4-47A8-BDE4-638B0BE67704}.Release|Any CPU.Build.0 = Release|Any CPU
	EndGlobalSection
	GlobalSection(NestedProjects) = preSolution
		{A228FB2D-47EC-4D5A-BB00-494962D22FCF} = {DB54EA47-0522-4D3D-8EB8-96580012EF2C}
		{1889A9E8-13F4-44E6-9E7B-7790862984C4} = {DB54EA47-0522-4D3D-8EB8-96580012EF2C}
		{BA9431D6-23D5-488E-9341-51E89617BB1B} = {DB935047-2E9C-49FC-873E-DA3A56173878}
		{CFF87723-8456-4A0A-9B89-703FDE9F3A60} = {DB935047-2E9C-49FC-873E-DA3A56173878}
		{D4E223A0-B5B9-4878-B7DC-E65064983E6A} = {DB54EA47-0522-4D3D-8EB8-96580012EF2C}
		{51138611-86A4-47A8-BDE4-638B0BE67704} = {D4E223A0-B5B9-4878-B7DC-E65064983E6A}
	EndGlobalSection
EndGlobal
